<?xml version="1.0" encoding="utf-8"?>
<Project ToolsVersion="4.0" xmlns="http://schemas.microsoft.com/developer/msbuild/2003">
  <ItemGroup>
    <Filter Include="Source Files">
      <UniqueIdentifier>{4FC737F1-C7A5-4376-A066-2A32D752A2FF}</UniqueIdentifier>
      <Extensions>cpp;c;cc;cxx;c++;cppm;ixx;def;odl;idl;hpj;bat;asm;asmx</Extensions>
    </Filter>
    <Filter Include="Header Files">
      <UniqueIdentifier>{93995380-89BD-4b04-88EB-625FBE52EBFB}</UniqueIdentifier>
      <Extensions>h;hh;hpp;hxx;h++;hm;inl;inc;ipp;xsd</Extensions>
    </Filter>
    <Filter Include="Resource Files">
      <UniqueIdentifier>{67DA6AB6-F800-4c08-8B7A-83BB121AAD01}</UniqueIdentifier>
      <Extensions>rc;ico;cur;bmp;dlg;rc2;rct;bin;rgs;gif;jpg;jpeg;jpe;resx;tiff;tif;png;wav;mfcribbon-ms</Extensions>
    </Filter>
    <Filter Include="Cards">
      <UniqueIdentifier>{e6306199-5c4b-4383-9842-908e259d1b30}</UniqueIdentifier>
    </Filter>
    <Filter Include="Effects">
      <UniqueIdentifier>{9e10f3f1-cf18-448f-8373-41b7217157db}</UniqueIdentifier>
    </Filter>
  </ItemGroup>
  <ItemGroup>
    <ClCompile Include="DiceAndSteel.cpp">
      <Filter>Source Files</Filter>
    </ClCompile>
    <ClCompile Include="Dice.cpp">
      <Filter>Source Files</Filter>
    </ClCompile>
    <ClCompile Include="Combat.cpp">
      <Filter>Source Files</Filter>
    </ClCompile>
    <ClCompile Include="Resolution.cpp">
      <Filter>Source Files</Filter>
    </ClCompile>
    <ClCompile Include="GameEngine.cpp">
      <Filter>Source Files</Filter>
    </ClCompile>
    <ClCompile Include="Player.cpp">
      <Filter>Source Files</Filter>
    </ClCompile>
    <ClCompile Include="AttackBuffCard.cpp">
      <Filter>Cards</Filter>
    </ClCompile>
    <ClCompile Include="DefenseBuffCard.cpp">
      <Filter>Cards</Filter>
    </ClCompile>
    <ClCompile Include="AttackDebuffCard.cpp">
      <Filter>Cards</Filter>
    </ClCompile>
    <ClCompile Include="DefenseDebuffCard.cpp">
      <Filter>Cards</Filter>
    </ClCompile>
    <ClCompile Include="PoisonCard.cpp">
      <Filter>Cards</Filter>
    </ClCompile>
    <ClCompile Include="StunCard.cpp">
      <Filter>Cards</Filter>
    </ClCompile>
    <ClCompile Include="BuffAttackEffect.cpp">
      <Filter>Effects</Filter>
    </ClCompile>
    <ClCompile Include="BuffDefenseEffect.cpp">
      <Filter>Effects</Filter>
    </ClCompile>
    <ClCompile Include="DebuffAttackEffect.cpp">
      <Filter>Effects</Filter>
    </ClCompile>
    <ClCompile Include="DebuffDefenseEffect.cpp">
      <Filter>Effects</Filter>
    </ClCompile>
    <ClCompile Include="PoisonEffect.cpp">
      <Filter>Effects</Filter>
    </ClCompile>
    <ClCompile Include="StatusEffect.cpp">
      <Filter>Effects</Filter>
    </ClCompile>
    <ClCompile Include="StunEffect.cpp">
      <Filter>Effects</Filter>
    </ClCompile>
    <ClCompile Include="DeckManagement.cpp">
      <Filter>Source Files</Filter>
    </ClCompile>
  </ItemGroup>
  <ItemGroup>
    <ClInclude Include="Dice.h">
      <Filter>Header Files</Filter>
    </ClInclude>
    <ClInclude Include="Combat.h">
      <Filter>Header Files</Filter>
    </ClInclude>
    <ClInclude Include="Resolution.h">
      <Filter>Header Files</Filter>
    </ClInclude>
    <ClInclude Include="TurnSnapshot.h">
      <Filter>Header Files</Filter>
    </ClInclude>
    <ClInclude Include="GameEngine.h">
      <Filter>Header Files</Filter>
    </ClInclude>
    <ClInclude Include="Player.h">
      <Filter>Header Files</Filter>
    </ClInclude>
    <ClInclude Include="TurnPhase.h">
      <Filter>Header Files</Filter>
    </ClInclude>
    <ClInclude Include="Card.h">
      <Filter>Cards</Filter>
    </ClInclude>
    <ClInclude Include="AttackBuffCard.h">
      <Filter>Cards</Filter>
    </ClInclude>
    <ClInclude Include="DefenseBuffCard.h">
      <Filter>Cards</Filter>
    </ClInclude>
    <ClInclude Include="AttackDebuffCard.h">
      <Filter>Cards</Filter>
    </ClInclude>
    <ClInclude Include="DefenseDebuffCard.h">
      <Filter>Cards</Filter>
    </ClInclude>
    <ClInclude Include="PoisonCard.h">
      <Filter>Cards</Filter>
    </ClInclude>
    <ClInclude Include="StunCard.h">
      <Filter>Cards</Filter>
    </ClInclude>
    <ClInclude Include="BuffAttackEffect.h">
      <Filter>Effects</Filter>
    </ClInclude>
    <ClInclude Include="BuffDefenseEffect.h">
      <Filter>Effects</Filter>
    </ClInclude>
    <ClInclude Include="DebuffAttackEffect.h">
      <Filter>Effects</Filter>
    </ClInclude>
    <ClInclude Include="DebuffDefenseEffect.h">
      <Filter>Effects</Filter>
    </ClInclude>
    <ClInclude Include="PoisonEffect.h">
      <Filter>Effects</Filter>
    </ClInclude>
    <ClInclude Include="StatusEffect.h">
      <Filter>Effects</Filter>
    </ClInclude>
    <ClInclude Include="StunEffect.h">
      <Filter>Effects</Filter>
    </ClInclude>
    <ClInclude Include="DeckManager.h">
      <Filter>Header Files</Filter>
    </ClInclude>
  </ItemGroup>
</Project>